
Microsoft Visual Studio Solution File, Format Version 12.00
# Visual Studio Version 17
VisualStudioVersion = 17.7.34031.279
MinimumVisualStudioVersion = 10.0.40219.1
Project("{FAE04EC0-301F-11D3-BF4B-00C04F79EFBC}") = "Module 8 prac", "Module 8 prac\Module 8 prac.csproj", "{86B9654A-F520-4D20-8544-2A70206A9414}"
EndProject
Global
	GlobalSection(SolutionConfigurationPlatforms) = preSolution
		Debug|Any CPU = Debug|Any CPU
		Release|Any CPU = Release|Any CPU
	EndGlobalSection
	GlobalSection(ProjectConfigurationPlatforms) = postSolution
		{86B9654A-F520-4D20-8544-2A70206A9414}.Debug|Any CPU.ActiveCfg = Debug|Any CPU
		{86B9654A-F520-4D20-8544-2A70206A9414}.Debug|Any CPU.Build.0 = Debug|Any CPU
		{86B9654A-F520-4D20-8544-2A70206A9414}.Release|Any CPU.ActiveCfg = Release|Any CPU
		{86B9654A-F520-4D20-8544-2A70206A9414}.Release|Any CPU.Build.0 = Release|Any CPU
	EndGlobalSection
	GlobalSection(SolutionProperties) = preSolution
		HideSolutionNode = FALSE
	EndGlobalSection
	GlobalSection(ExtensibilityGlobals) = postSolution
		SolutionGuid = {945454F0-895C-4717-BA18-54ED89698FAF}
	EndGlobalSection
EndGlobal
